
Microsoft Visual Studio Solution File, Format Version 12.00
# Visual Studio Version 17
VisualStudioVersion = 17.8.34408.163
MinimumVisualStudioVersion = 10.0.40219.1
Project("{FAE04EC0-301F-11D3-BF4B-00C04F79EFBC}") = "TodoWPFApp", "TodoWPFApp\TodoWPFApp.csproj", "{07EC10CB-F2C9-4B71-8E83-D8E434977970}"
EndProject
Global
	GlobalSection(SolutionConfigurationPlatforms) = preSolution
		Debug|Any CPU = Debug|Any CPU
		Release|Any CPU = Release|Any CPU
	EndGlobalSection
	GlobalSection(ProjectConfigurationPlatforms) = postSolution
		{07EC10CB-F2C9-4B71-8E83-D8E434977970}.Debug|Any CPU.ActiveCfg = Debug|Any CPU
		{07EC10CB-F2C9-4B71-8E83-D8E434977970}.Debug|Any CPU.Build.0 = Debug|Any CPU
		{07EC10CB-F2C9-4B71-8E83-D8E434977970}.Release|Any CPU.ActiveCfg = Release|Any CPU
		{07EC10CB-F2C9-4B71-8E83-D8E434977970}.Release|Any CPU.Build.0 = Release|Any CPU
	EndGlobalSection
	GlobalSection(SolutionProperties) = preSolution
		HideSolutionNode = FALSE
	EndGlobalSection
	GlobalSection(ExtensibilityGlobals) = postSolution
		SolutionGuid = {61B74D2F-79A2-4A1D-934A-574C4FCC2A9C}
	EndGlobalSection
EndGlobal
